
Microsoft Visual Studio Solution File, Format Version 12.00
# Visual Studio 15
VisualStudioVersion = 15.0.28010.2026
MinimumVisualStudioVersion = 10.0.40219.1
Project("{FAE04EC0-301F-11D3-BF4B-00C04F79EFBC}") = "TodoApi", "TodoApi\TodoApi.csproj", "{A417C93C-D304-455A-AF91-4CAE04954DA5}"
EndProject
Global
	GlobalSection(SolutionConfigurationPlatforms) = preSolution
		Debug|Any CPU = Debug|Any CPU
		Release|Any CPU = Release|Any CPU
	EndGlobalSection
	GlobalSection(ProjectConfigurationPlatforms) = postSolution
		{A417C93C-D304-455A-AF91-4CAE04954DA5}.Debug|Any CPU.ActiveCfg = Debug|Any CPU
		{A417C93C-D304-455A-AF91-4CAE04954DA5}.Debug|Any CPU.Build.0 = Debug|Any CPU
		{A417C93C-D304-455A-AF91-4CAE04954DA5}.Release|Any CPU.ActiveCfg = Release|Any CPU
		{A417C93C-D304-455A-AF91-4CAE04954DA5}.Release|Any CPU.Build.0 = Release|Any CPU
	EndGlobalSection
	GlobalSection(SolutionProperties) = preSolution
		HideSolutionNode = FALSE
	EndGlobalSection
	GlobalSection(ExtensibilityGlobals) = postSolution
		SolutionGuid = {928BEC6C-EFB9-48A1-8EBA-D7F63BFDA96B}
	EndGlobalSection
EndGlobal
